{
  "name": "simplehire-monorepo",
  "version": "1.0.0",
  "lockfileVersion": 3,
  "requires": true,
  "packages": {
    "": {
      "name": "simplehire-monorepo",
      "version": "1.0.0",
      "private": true,
      "engines": {
        "node": ">=20.x",
        "npm": ">= 10.8.2"
      }
    }
  }
}
